// !$*UTF8*$!
{
	archiveVersion = 1;
	classes = {
	};
	objectVersion = 56;
	objects = {

/* Begin PBXBuildFile section */
		3321D66C2DD3D28D0083A238 /* EngineerTest.swift in Sources */ = {isa = PBXBuildFile; fileRef = 3321D66B2DD3D28D0083A238 /* EngineerTest.swift */; };
		3321D66E2DD3D60F0083A238 /* EngineerService.swift in Sources */ = {isa = PBXBuildFile; fileRef = 3321D66D2DD3D60F0083A238 /* EngineerService.swift */; };
		3321D6702DD40FE10083A238 /* HomeWrapperView.swift in Sources */ = {isa = PBXBuildFile; fileRef = 3321D66F2DD40FE10083A238 /* HomeWrapperView.swift */; };
		3321D6722DD416CE0083A238 /* EventModel.swift in Sources */ = {isa = PBXBuildFile; fileRef = 3321D6712DD416CE0083A238 /* EventModel.swift */; };
		3321D6742DD4212B0083A238 /* EventData.swift in Sources */ = {isa = PBXBuildFile; fileRef = 3321D6732DD4212B0083A238 /* EventData.swift */; };
		3321D6762DD422A00083A238 /* EventsViewModel.swift in Sources */ = {isa = PBXBuildFile; fileRef = 3321D6752DD422A00083A238 /* EventsViewModel.swift */; };
		3321D6782DD422E30083A238 /* EventCard.swift in Sources */ = {isa = PBXBuildFile; fileRef = 3321D6772DD422E30083A238 /* EventCard.swift */; };
		33BB07A72DD358EA0033B7DC /* Engineer.swift in Sources */ = {isa = PBXBuildFile; fileRef = 33BB07A62DD358EA0033B7DC /* Engineer.swift */; };
		33BB07A92DD35BFE0033B7DC /* EngineerListView.swift in Sources */ = {isa = PBXBuildFile; fileRef = 33BB07A82DD35BFE0033B7DC /* EngineerListView.swift */; };
		33BB07AB2DD35C320033B7DC /* EngineerDetailView.swift in Sources */ = {isa = PBXBuildFile; fileRef = 33BB07AA2DD35C320033B7DC /* EngineerDetailView.swift */; };
		FA55879D2DD2F83B002E375C /* CorosHack_AthonApp.swift in Sources */ = {isa = PBXBuildFile; fileRef = FA55879C2DD2F83B002E375C /* CorosHack_AthonApp.swift */; };
		FA55879F2DD2F83B002E375C /* HomeView.swift in Sources */ = {isa = PBXBuildFile; fileRef = FA55879E2DD2F83B002E375C /* HomeView.swift */; };
		FA5587A12DD2F83C002E375C /* Assets.xcassets in Resources */ = {isa = PBXBuildFile; fileRef = FA5587A02DD2F83C002E375C /* Assets.xcassets */; };
		FA5587A42DD2F83C002E375C /* Preview Assets.xcassets in Resources */ = {isa = PBXBuildFile; fileRef = FA5587A32DD2F83C002E375C /* Preview Assets.xcassets */; };
		FA5587AB2DD3062D002E375C /* .gitignore in Resources */ = {isa = PBXBuildFile; fileRef = FA5587AA2DD3062D002E375C /* .gitignore */; };
		FA5587B12DD3094B002E375C /* ColorHelper.swift in Sources */ = {isa = PBXBuildFile; fileRef = FA5587B02DD3094B002E375C /* ColorHelper.swift */; };
		FA5587B52DD30CBD002E375C /* WelcomeView.swift in Sources */ = {isa = PBXBuildFile; fileRef = FA5587B42DD30CBD002E375C /* WelcomeView.swift */; };
		FA5587B72DD30E3D002E375C /* ContentView.swift in Sources */ = {isa = PBXBuildFile; fileRef = FA5587B62DD30E3D002E375C /* ContentView.swift */; };
		FA5587BB2DD313D3002E375C /* TestView.swift in Sources */ = {isa = PBXBuildFile; fileRef = FA5587BA2DD313D3002E375C /* TestView.swift */; };
		FA5587BD2DD313F0002E375C /* CommunityView.swift in Sources */ = {isa = PBXBuildFile; fileRef = FA5587BC2DD313F0002E375C /* CommunityView.swift */; };
		FA5587BF2DD31438002E375C /* EventsView.swift in Sources */ = {isa = PBXBuildFile; fileRef = FA5587BE2DD31438002E375C /* EventsView.swift */; };
		FA5587C32DD31608002E375C /* JobMarketView.swift in Sources */ = {isa = PBXBuildFile; fileRef = FA5587C22DD31608002E375C /* JobMarketView.swift */; };
		FA5587C52DD31672002E375C /* LearningView.swift in Sources */ = {isa = PBXBuildFile; fileRef = FA5587C42DD31672002E375C /* LearningView.swift */; };
		FA5587C82DD319AD002E375C /* CourseCard.swift in Sources */ = {isa = PBXBuildFile; fileRef = FA5587C72DD319AD002E375C /* CourseCard.swift */; };
		FA5587CA2DD31E8F002E375C /* SheetType.swift in Sources */ = {isa = PBXBuildFile; fileRef = FA5587C92DD31E8F002E375C /* SheetType.swift */; };
		FA5587CC2DD31EB4002E375C /* InfoCard.swift in Sources */ = {isa = PBXBuildFile; fileRef = FA5587CB2DD31EB4002E375C /* InfoCard.swift */; };
		FA5587D32DD32478002E375C /* CourseDetailView.swift in Sources */ = {isa = PBXBuildFile; fileRef = FA5587D22DD32478002E375C /* CourseDetailView.swift */; };
		FA5587D52DD325DB002E375C /* Course.swift in Sources */ = {isa = PBXBuildFile; fileRef = FA5587D42DD325DB002E375C /* Course.swift */; };
		FA5587D72DD325F5002E375C /* Article.swift in Sources */ = {isa = PBXBuildFile; fileRef = FA5587D62DD325F5002E375C /* Article.swift */; };
		FA5587DC2DD32A35002E375C /* FirebaseCore in Frameworks */ = {isa = PBXBuildFile; productRef = FA5587DB2DD32A35002E375C /* FirebaseCore */; };
		FA5587DE2DD32A35002E375C /* FirebaseFirestore in Frameworks */ = {isa = PBXBuildFile; productRef = FA5587DD2DD32A35002E375C /* FirebaseFirestore */; };
		FA5587E02DD32CF7002E375C /* CourseService.swift in Sources */ = {isa = PBXBuildFile; fileRef = FA5587DF2DD32CF7002E375C /* CourseService.swift */; };
		FA5587E22DD32D15002E375C /* CourseViewModel.swift in Sources */ = {isa = PBXBuildFile; fileRef = FA5587E12DD32D15002E375C /* CourseViewModel.swift */; };
		FA5587E42DD32D29002E375C /* ArticleViewModel.swift in Sources */ = {isa = PBXBuildFile; fileRef = FA5587E32DD32D29002E375C /* ArticleViewModel.swift */; };
		FA5587E62DD3334E002E375C /* FirebaseAuth in Frameworks */ = {isa = PBXBuildFile; productRef = FA5587E52DD3334E002E375C /* FirebaseAuth */; };
		FA5587E82DD3334E002E375C /* FirebaseStorage in Frameworks */ = {isa = PBXBuildFile; productRef = FA5587E72DD3334E002E375C /* FirebaseStorage */; };
		FA5587EA2DD335AD002E375C /* GoogleService-Info.plist in Resources */ = {isa = PBXBuildFile; fileRef = FA5587E92DD335AD002E375C /* GoogleService-Info.plist */; };
		FA5587EC2DD33E25002E375C /* AddDataView.swift in Sources */ = {isa = PBXBuildFile; fileRef = FA5587EB2DD33E25002E375C /* AddDataView.swift */; };
		FA5587EE2DD36561002E375C /* QuizIntroView.swift in Sources */ = {isa = PBXBuildFile; fileRef = FA5587ED2DD36561002E375C /* QuizIntroView.swift */; };
		FA5587F02DD367AE002E375C /* QuizView.swift in Sources */ = {isa = PBXBuildFile; fileRef = FA5587EF2DD367AE002E375C /* QuizView.swift */; };
		FA5587F22DD3749C002E375C /* QuizQuestion.swift in Sources */ = {isa = PBXBuildFile; fileRef = FA5587F12DD3749C002E375C /* QuizQuestion.swift */; };
		FA5587F42DD3751F002E375C /* QuizViewModel.swift in Sources */ = {isa = PBXBuildFile; fileRef = FA5587F32DD3751F002E375C /* QuizViewModel.swift */; };
		FA5587F62DD3BA32002E375C /* LotteryResultView.swift in Sources */ = {isa = PBXBuildFile; fileRef = FA5587F52DD3BA32002E375C /* LotteryResultView.swift */; };
		FA5587F82DD3D200002E375C /* TermsSheetView.swift in Sources */ = {isa = PBXBuildFile; fileRef = FA5587F72DD3D200002E375C /* TermsSheetView.swift */; };
		FA5587FA2DD3D62B002E375C /* MailHelper.swift in Sources */ = {isa = PBXBuildFile; fileRef = FA5587F92DD3D62B002E375C /* MailHelper.swift */; };
		FA5587FC2DD3E09B002E375C /* LotteryResultViewModel.swift in Sources */ = {isa = PBXBuildFile; fileRef = FA5587FB2DD3E09B002E375C /* LotteryResultViewModel.swift */; };
		FB9885FF2DD3A7D900E877C7 /* QuestionCard.swift in Sources */ = {isa = PBXBuildFile; fileRef = FB9885FE2DD3A7D900E877C7 /* QuestionCard.swift */; };
		FB9886012DD3A7F800E877C7 /* ResultView.swift in Sources */ = {isa = PBXBuildFile; fileRef = FB9886002DD3A7F800E877C7 /* ResultView.swift */; };
		FB9886032DD3A81800E877C7 /* TestService.swift in Sources */ = {isa = PBXBuildFile; fileRef = FB9886022DD3A81800E877C7 /* TestService.swift */; };
		FB9886052DD3A82C00E877C7 /* Question 2.swift in Sources */ = {isa = PBXBuildFile; fileRef = FB9886042DD3A82C00E877C7 /* Question 2.swift */; };
		FB9886072DD3A83B00E877C7 /* TestViewModel.swift in Sources */ = {isa = PBXBuildFile; fileRef = FB9886062DD3A83B00E877C7 /* TestViewModel.swift */; };
/* End PBXBuildFile section */

/* Begin PBXFileReference section */
		3321D66B2DD3D28D0083A238 /* EngineerTest.swift */ = {isa = PBXFileReference; lastKnownFileType = sourcecode.swift; path = EngineerTest.swift; sourceTree = "<group>"; };
		3321D66D2DD3D60F0083A238 /* EngineerService.swift */ = {isa = PBXFileReference; lastKnownFileType = sourcecode.swift; path = EngineerService.swift; sourceTree = "<group>"; };
		3321D66F2DD40FE10083A238 /* HomeWrapperView.swift */ = {isa = PBXFileReference; lastKnownFileType = sourcecode.swift; path = HomeWrapperView.swift; sourceTree = "<group>"; };
		3321D6712DD416CE0083A238 /* EventModel.swift */ = {isa = PBXFileReference; lastKnownFileType = sourcecode.swift; path = EventModel.swift; sourceTree = "<group>"; };
		3321D6732DD4212B0083A238 /* EventData.swift */ = {isa = PBXFileReference; lastKnownFileType = sourcecode.swift; path = EventData.swift; sourceTree = "<group>"; };
		3321D6752DD422A00083A238 /* EventsViewModel.swift */ = {isa = PBXFileReference; lastKnownFileType = sourcecode.swift; path = EventsViewModel.swift; sourceTree = "<group>"; };
		3321D6772DD422E30083A238 /* EventCard.swift */ = {isa = PBXFileReference; lastKnownFileType = sourcecode.swift; path = EventCard.swift; sourceTree = "<group>"; };
		33BB07A62DD358EA0033B7DC /* Engineer.swift */ = {isa = PBXFileReference; lastKnownFileType = sourcecode.swift; path = Engineer.swift; sourceTree = "<group>"; };
		33BB07A82DD35BFE0033B7DC /* EngineerListView.swift */ = {isa = PBXFileReference; lastKnownFileType = sourcecode.swift; path = EngineerListView.swift; sourceTree = "<group>"; };
		33BB07AA2DD35C320033B7DC /* EngineerDetailView.swift */ = {isa = PBXFileReference; lastKnownFileType = sourcecode.swift; path = EngineerDetailView.swift; sourceTree = "<group>"; };
		FA5587992DD2F83B002E375C /* CorosHack_Athon.app */ = {isa = PBXFileReference; explicitFileType = wrapper.application; includeInIndex = 0; path = CorosHack_Athon.app; sourceTree = BUILT_PRODUCTS_DIR; };
		FA55879C2DD2F83B002E375C /* CorosHack_AthonApp.swift */ = {isa = PBXFileReference; lastKnownFileType = sourcecode.swift; path = CorosHack_AthonApp.swift; sourceTree = "<group>"; };
		FA55879E2DD2F83B002E375C /* HomeView.swift */ = {isa = PBXFileReference; lastKnownFileType = sourcecode.swift; path = HomeView.swift; sourceTree = "<group>"; };
		FA5587A02DD2F83C002E375C /* Assets.xcassets */ = {isa = PBXFileReference; lastKnownFileType = folder.assetcatalog; path = Assets.xcassets; sourceTree = "<group>"; };
		FA5587A32DD2F83C002E375C /* Preview Assets.xcassets */ = {isa = PBXFileReference; lastKnownFileType = folder.assetcatalog; path = "Preview Assets.xcassets"; sourceTree = "<group>"; };
		FA5587AA2DD3062D002E375C /* .gitignore */ = {isa = PBXFileReference; lastKnownFileType = text; path = .gitignore; sourceTree = "<group>"; };
		FA5587B02DD3094B002E375C /* ColorHelper.swift */ = {isa = PBXFileReference; lastKnownFileType = sourcecode.swift; path = ColorHelper.swift; sourceTree = "<group>"; };
		FA5587B42DD30CBD002E375C /* WelcomeView.swift */ = {isa = PBXFileReference; lastKnownFileType = sourcecode.swift; path = WelcomeView.swift; sourceTree = "<group>"; };
		FA5587B62DD30E3D002E375C /* ContentView.swift */ = {isa = PBXFileReference; lastKnownFileType = sourcecode.swift; path = ContentView.swift; sourceTree = "<group>"; };
		FA5587BA2DD313D3002E375C /* TestView.swift */ = {isa = PBXFileReference; lastKnownFileType = sourcecode.swift; path = TestView.swift; sourceTree = "<group>"; };
		FA5587BC2DD313F0002E375C /* CommunityView.swift */ = {isa = PBXFileReference; lastKnownFileType = sourcecode.swift; path = CommunityView.swift; sourceTree = "<group>"; };
		FA5587BE2DD31438002E375C /* EventsView.swift */ = {isa = PBXFileReference; lastKnownFileType = sourcecode.swift; path = EventsView.swift; sourceTree = "<group>"; };
		FA5587C22DD31608002E375C /* JobMarketView.swift */ = {isa = PBXFileReference; lastKnownFileType = sourcecode.swift; path = JobMarketView.swift; sourceTree = "<group>"; };
		FA5587C42DD31672002E375C /* LearningView.swift */ = {isa = PBXFileReference; lastKnownFileType = sourcecode.swift; path = LearningView.swift; sourceTree = "<group>"; };
		FA5587C72DD319AD002E375C /* CourseCard.swift */ = {isa = PBXFileReference; lastKnownFileType = sourcecode.swift; path = CourseCard.swift; sourceTree = "<group>"; };
		FA5587C92DD31E8F002E375C /* SheetType.swift */ = {isa = PBXFileReference; lastKnownFileType = sourcecode.swift; path = SheetType.swift; sourceTree = "<group>"; };
		FA5587CB2DD31EB4002E375C /* InfoCard.swift */ = {isa = PBXFileReference; lastKnownFileType = sourcecode.swift; path = InfoCard.swift; sourceTree = "<group>"; };
		FA5587D22DD32478002E375C /* CourseDetailView.swift */ = {isa = PBXFileReference; lastKnownFileType = sourcecode.swift; path = CourseDetailView.swift; sourceTree = "<group>"; };
		FA5587D42DD325DB002E375C /* Course.swift */ = {isa = PBXFileReference; lastKnownFileType = sourcecode.swift; path = Course.swift; sourceTree = "<group>"; };
		FA5587D62DD325F5002E375C /* Article.swift */ = {isa = PBXFileReference; lastKnownFileType = sourcecode.swift; path = Article.swift; sourceTree = "<group>"; };
		FA5587DF2DD32CF7002E375C /* CourseService.swift */ = {isa = PBXFileReference; lastKnownFileType = sourcecode.swift; path = CourseService.swift; sourceTree = "<group>"; };
		FA5587E12DD32D15002E375C /* CourseViewModel.swift */ = {isa = PBXFileReference; lastKnownFileType = sourcecode.swift; path = CourseViewModel.swift; sourceTree = "<group>"; };
		FA5587E32DD32D29002E375C /* ArticleViewModel.swift */ = {isa = PBXFileReference; lastKnownFileType = sourcecode.swift; path = ArticleViewModel.swift; sourceTree = "<group>"; };
		FA5587E92DD335AD002E375C /* GoogleService-Info.plist */ = {isa = PBXFileReference; fileEncoding = 4; lastKnownFileType = text.plist.xml; path = "GoogleService-Info.plist"; sourceTree = "<group>"; };
		FA5587EB2DD33E25002E375C /* AddDataView.swift */ = {isa = PBXFileReference; lastKnownFileType = sourcecode.swift; path = AddDataView.swift; sourceTree = "<group>"; };
		FA5587ED2DD36561002E375C /* QuizIntroView.swift */ = {isa = PBXFileReference; lastKnownFileType = sourcecode.swift; path = QuizIntroView.swift; sourceTree = "<group>"; };
		FA5587EF2DD367AE002E375C /* QuizView.swift */ = {isa = PBXFileReference; lastKnownFileType = sourcecode.swift; path = QuizView.swift; sourceTree = "<group>"; };
		FA5587F12DD3749C002E375C /* QuizQuestion.swift */ = {isa = PBXFileReference; lastKnownFileType = sourcecode.swift; path = QuizQuestion.swift; sourceTree = "<group>"; };
		FA5587F32DD3751F002E375C /* QuizViewModel.swift */ = {isa = PBXFileReference; lastKnownFileType = sourcecode.swift; path = QuizViewModel.swift; sourceTree = "<group>"; };
		FA5587F52DD3BA32002E375C /* LotteryResultView.swift */ = {isa = PBXFileReference; lastKnownFileType = sourcecode.swift; path = LotteryResultView.swift; sourceTree = "<group>"; };
		FA5587F72DD3D200002E375C /* TermsSheetView.swift */ = {isa = PBXFileReference; lastKnownFileType = sourcecode.swift; path = TermsSheetView.swift; sourceTree = "<group>"; };
		FA5587F92DD3D62B002E375C /* MailHelper.swift */ = {isa = PBXFileReference; lastKnownFileType = sourcecode.swift; path = MailHelper.swift; sourceTree = "<group>"; };
		FA5587FB2DD3E09B002E375C /* LotteryResultViewModel.swift */ = {isa = PBXFileReference; lastKnownFileType = sourcecode.swift; path = LotteryResultViewModel.swift; sourceTree = "<group>"; };
		FB9885FE2DD3A7D900E877C7 /* QuestionCard.swift */ = {isa = PBXFileReference; lastKnownFileType = sourcecode.swift; path = QuestionCard.swift; sourceTree = "<group>"; };
		FB9886002DD3A7F800E877C7 /* ResultView.swift */ = {isa = PBXFileReference; lastKnownFileType = sourcecode.swift; path = ResultView.swift; sourceTree = "<group>"; };
		FB9886022DD3A81800E877C7 /* TestService.swift */ = {isa = PBXFileReference; lastKnownFileType = sourcecode.swift; path = TestService.swift; sourceTree = "<group>"; };
		FB9886042DD3A82C00E877C7 /* Question 2.swift */ = {isa = PBXFileReference; lastKnownFileType = sourcecode.swift; path = "Question 2.swift"; sourceTree = "<group>"; };
		FB9886062DD3A83B00E877C7 /* TestViewModel.swift */ = {isa = PBXFileReference; lastKnownFileType = sourcecode.swift; path = TestViewModel.swift; sourceTree = "<group>"; };
/* End PBXFileReference section */

/* Begin PBXFrameworksBuildPhase section */
		FA5587962DD2F83B002E375C /* Frameworks */ = {
			isa = PBXFrameworksBuildPhase;
			buildActionMask = 2147483647;
			files = (
				FA5587DC2DD32A35002E375C /* FirebaseCore in Frameworks */,
				FA5587E82DD3334E002E375C /* FirebaseStorage in Frameworks */,
				FA5587E62DD3334E002E375C /* FirebaseAuth in Frameworks */,
				FA5587DE2DD32A35002E375C /* FirebaseFirestore in Frameworks */,
			);
			runOnlyForDeploymentPostprocessing = 0;
		};
/* End PBXFrameworksBuildPhase section */

/* Begin PBXGroup section */
		FA5587902DD2F83B002E375C = {
			isa = PBXGroup;
			children = (
				FA5587AA2DD3062D002E375C /* .gitignore */,
				FA55879B2DD2F83B002E375C /* CorosHack_Athon */,
				FA55879A2DD2F83B002E375C /* Products */,
			);
			sourceTree = "<group>";
		};
		FA55879A2DD2F83B002E375C /* Products */ = {
			isa = PBXGroup;
			children = (
				FA5587992DD2F83B002E375C /* CorosHack_Athon.app */,
			);
			name = Products;
			sourceTree = "<group>";
		};
		FA55879B2DD2F83B002E375C /* CorosHack_Athon */ = {
			isa = PBXGroup;
			children = (
				FA5587AF2DD3092E002E375C /* Helpers */,
				FA5587AC2DD308CD002E375C /* Views */,
				FA5587AE2DD308FA002E375C /* ViewModels */,
				FA5587AD2DD308ED002E375C /* Models */,
				FA55879C2DD2F83B002E375C /* CorosHack_AthonApp.swift */,
				FA5587E92DD335AD002E375C /* GoogleService-Info.plist */,
				FA5587A02DD2F83C002E375C /* Assets.xcassets */,
				FA5587B22DD30B26002E375C /* Backend */,
				FA5587B32DD30B3C002E375C /* Firebase */,
				FA5587A22DD2F83C002E375C /* Preview Content */,
			);
			path = CorosHack_Athon;
			sourceTree = "<group>";
		};
		FA5587A22DD2F83C002E375C /* Preview Content */ = {
			isa = PBXGroup;
			children = (
				FA5587A32DD2F83C002E375C /* Preview Assets.xcassets */,
			);
			path = "Preview Content";
			sourceTree = "<group>";
		};
		FA5587AC2DD308CD002E375C /* Views */ = {
			isa = PBXGroup;
			children = (
				FA5587D12DD31FF9002E375C /* JobMarket */,
				FA5587D02DD31FB0002E375C /* SuccessStories */,
				FA5587CF2DD31F9A002E375C /* Events */,
				FA5587CE2DD31F6B002E375C /* Community */,
				FA5587CD2DD31EE1002E375C /* Test */,
				FA5587C62DD31970002E375C /* Learn */,
				FA55879E2DD2F83B002E375C /* HomeView.swift */,
				FA5587B42DD30CBD002E375C /* WelcomeView.swift */,
				FA5587B62DD30E3D002E375C /* ContentView.swift */,
				FA5587C92DD31E8F002E375C /* SheetType.swift */,
				FA5587CB2DD31EB4002E375C /* InfoCard.swift */,
				FA5587EB2DD33E25002E375C /* AddDataView.swift */,
				3321D66D2DD3D60F0083A238 /* EngineerService.swift */,
				3321D66F2DD40FE10083A238 /* HomeWrapperView.swift */,
				FA5587F52DD3BA32002E375C /* LotteryResultView.swift */,
				FA5587F72DD3D200002E375C /* TermsSheetView.swift */,
			);
			path = Views;
			sourceTree = "<group>";
		};
		FA5587AD2DD308ED002E375C /* Models */ = {
			isa = PBXGroup;
			children = (
				FA5587D42DD325DB002E375C /* Course.swift */,
				FA5587D62DD325F5002E375C /* Article.swift */,
				FA5587F12DD3749C002E375C /* QuizQuestion.swift */,
				33BB07A62DD358EA0033B7DC /* Engineer.swift */,
				FB9886042DD3A82C00E877C7 /* Question 2.swift */,
				3321D66B2DD3D28D0083A238 /* EngineerTest.swift */,
				3321D6712DD416CE0083A238 /* EventModel.swift */,
			);
			path = Models;
			sourceTree = "<group>";
		};
		FA5587AE2DD308FA002E375C /* ViewModels */ = {
			isa = PBXGroup;
			children = (
				FA5587E12DD32D15002E375C /* CourseViewModel.swift */,
				FA5587E32DD32D29002E375C /* ArticleViewModel.swift */,
				FA5587F32DD3751F002E375C /* QuizViewModel.swift */,
				FB9886062DD3A83B00E877C7 /* TestViewModel.swift */,
				FA5587FB2DD3E09B002E375C /* LotteryResultViewModel.swift */,
				3321D6752DD422A00083A238 /* EventsViewModel.swift */,
			);
			path = ViewModels;
			sourceTree = "<group>";
		};
		FA5587AF2DD3092E002E375C /* Helpers */ = {
			isa = PBXGroup;
			children = (
				FA5587B02DD3094B002E375C /* ColorHelper.swift */,
				FA5587F92DD3D62B002E375C /* MailHelper.swift */,
			);
			path = Helpers;
			sourceTree = "<group>";
		};
		FA5587B22DD30B26002E375C /* Backend */ = {
			isa = PBXGroup;
			children = (
			);
			path = Backend;
			sourceTree = "<group>";
		};
		FA5587B32DD30B3C002E375C /* Firebase */ = {
			isa = PBXGroup;
			children = (
				FA5587DF2DD32CF7002E375C /* CourseService.swift */,
				FB9886022DD3A81800E877C7 /* TestService.swift */,
			);
			path = Firebase;
			sourceTree = "<group>";
		};
		FA5587C62DD31970002E375C /* Learn */ = {
			isa = PBXGroup;
			children = (
				FA5587C42DD31672002E375C /* LearningView.swift */,
				FA5587C72DD319AD002E375C /* CourseCard.swift */,
				FA5587D22DD32478002E375C /* CourseDetailView.swift */,
				FA5587ED2DD36561002E375C /* QuizIntroView.swift */,
				FA5587EF2DD367AE002E375C /* QuizView.swift */,
			);
			path = Learn;
			sourceTree = "<group>";
		};
		FA5587CD2DD31EE1002E375C /* Test */ = {
			isa = PBXGroup;
			children = (
				FA5587BA2DD313D3002E375C /* TestView.swift */,
				FB9885FE2DD3A7D900E877C7 /* QuestionCard.swift */,
				FB9886002DD3A7F800E877C7 /* ResultView.swift */,
			);
			path = Test;
			sourceTree = "<group>";
		};
		FA5587CE2DD31F6B002E375C /* Community */ = {
			isa = PBXGroup;
			children = (
				FA5587BC2DD313F0002E375C /* CommunityView.swift */,
			);
			path = Community;
			sourceTree = "<group>";
		};
		FA5587CF2DD31F9A002E375C /* Events */ = {
			isa = PBXGroup;
			children = (
				FA5587BE2DD31438002E375C /* EventsView.swift */,
				3321D6732DD4212B0083A238 /* EventData.swift */,
				3321D6772DD422E30083A238 /* EventCard.swift */,
			);
			path = Events;
			sourceTree = "<group>";
		};
		FA5587D02DD31FB0002E375C /* SuccessStories */ = {
			isa = PBXGroup;
			children = (
				33BB07A82DD35BFE0033B7DC /* EngineerListView.swift */,
				33BB07AA2DD35C320033B7DC /* EngineerDetailView.swift */,
			);
			path = SuccessStories;
			sourceTree = "<group>";
		};
		FA5587D12DD31FF9002E375C /* JobMarket */ = {
			isa = PBXGroup;
			children = (
				FA5587C22DD31608002E375C /* JobMarketView.swift */,
			);
			path = JobMarket;
			sourceTree = "<group>";
		};
/* End PBXGroup section */

/* Begin PBXNativeTarget section */
		FA5587982DD2F83B002E375C /* CorosHack_Athon */ = {
			isa = PBXNativeTarget;
			buildConfigurationList = FA5587A72DD2F83C002E375C /* Build configuration list for PBXNativeTarget "CorosHack_Athon" */;
			buildPhases = (
				FA5587952DD2F83B002E375C /* Sources */,
				FA5587962DD2F83B002E375C /* Frameworks */,
				FA5587972DD2F83B002E375C /* Resources */,
			);
			buildRules = (
			);
			dependencies = (
			);
			name = CorosHack_Athon;
			packageProductDependencies = (
				FA5587DB2DD32A35002E375C /* FirebaseCore */,
				FA5587DD2DD32A35002E375C /* FirebaseFirestore */,
				FA5587E52DD3334E002E375C /* FirebaseAuth */,
				FA5587E72DD3334E002E375C /* FirebaseStorage */,
			);
			productName = CorosHack_Athon;
			productReference = FA5587992DD2F83B002E375C /* CorosHack_Athon.app */;
			productType = "com.apple.product-type.application";
		};
/* End PBXNativeTarget section */

/* Begin PBXProject section */
		FA5587912DD2F83B002E375C /* Project object */ = {
			isa = PBXProject;
			attributes = {
				BuildIndependentTargetsInParallel = 1;
				LastSwiftUpdateCheck = 1540;
				LastUpgradeCheck = 1540;
				TargetAttributes = {
					FA5587982DD2F83B002E375C = {
						CreatedOnToolsVersion = 15.4;
					};
				};
			};
			buildConfigurationList = FA5587942DD2F83B002E375C /* Build configuration list for PBXProject "CorosHack_Athon" */;
			compatibilityVersion = "Xcode 14.0";
			developmentRegion = en;
			hasScannedForEncodings = 0;
			knownRegions = (
				en,
				Base,
			);
			mainGroup = FA5587902DD2F83B002E375C;
			packageReferences = (
				FA5587DA2DD32A35002E375C /* XCRemoteSwiftPackageReference "firebase-ios-sdk" */,
			);
			productRefGroup = FA55879A2DD2F83B002E375C /* Products */;
			projectDirPath = "";
			projectRoot = "";
			targets = (
				FA5587982DD2F83B002E375C /* CorosHack_Athon */,
			);
		};
/* End PBXProject section */

/* Begin PBXResourcesBuildPhase section */
		FA5587972DD2F83B002E375C /* Resources */ = {
			isa = PBXResourcesBuildPhase;
			buildActionMask = 2147483647;
			files = (
				FA5587A42DD2F83C002E375C /* Preview Assets.xcassets in Resources */,
				FA5587EA2DD335AD002E375C /* GoogleService-Info.plist in Resources */,
				FA5587AB2DD3062D002E375C /* .gitignore in Resources */,
				FA5587A12DD2F83C002E375C /* Assets.xcassets in Resources */,
			);
			runOnlyForDeploymentPostprocessing = 0;
		};
/* End PBXResourcesBuildPhase section */

/* Begin PBXSourcesBuildPhase section */
		FA5587952DD2F83B002E375C /* Sources */ = {
			isa = PBXSourcesBuildPhase;
			buildActionMask = 2147483647;
			files = (
				FA5587BB2DD313D3002E375C /* TestView.swift in Sources */,
				FA55879F2DD2F83B002E375C /* HomeView.swift in Sources */,
				FA5587F62DD3BA32002E375C /* LotteryResultView.swift in Sources */,
				FA5587E02DD32CF7002E375C /* CourseService.swift in Sources */,
				FA5587F42DD3751F002E375C /* QuizViewModel.swift in Sources */,
				FA5587B72DD30E3D002E375C /* ContentView.swift in Sources */,
				FA5587C32DD31608002E375C /* JobMarketView.swift in Sources */,
				FA5587B12DD3094B002E375C /* ColorHelper.swift in Sources */,
				FA5587F22DD3749C002E375C /* QuizQuestion.swift in Sources */,
				FA5587F02DD367AE002E375C /* QuizView.swift in Sources */,
				FA5587EC2DD33E25002E375C /* AddDataView.swift in Sources */,
				3321D66C2DD3D28D0083A238 /* EngineerTest.swift in Sources */,
				33BB07A92DD35BFE0033B7DC /* EngineerListView.swift in Sources */,
				FA5587FA2DD3D62B002E375C /* MailHelper.swift in Sources */,
				FB9885FF2DD3A7D900E877C7 /* QuestionCard.swift in Sources */,
				3321D6782DD422E30083A238 /* EventCard.swift in Sources */,
				FB9886012DD3A7F800E877C7 /* ResultView.swift in Sources */,
				FB9886052DD3A82C00E877C7 /* Question 2.swift in Sources */,
				FA5587CC2DD31EB4002E375C /* InfoCard.swift in Sources */,
				FA5587FC2DD3E09B002E375C /* LotteryResultViewModel.swift in Sources */,
				33BB07AB2DD35C320033B7DC /* EngineerDetailView.swift in Sources */,
				FA5587C52DD31672002E375C /* LearningView.swift in Sources */,
				FA55879D2DD2F83B002E375C /* CorosHack_AthonApp.swift in Sources */,
				33BB07A72DD358EA0033B7DC /* Engineer.swift in Sources */,
				3321D6702DD40FE10083A238 /* HomeWrapperView.swift in Sources */,
				FA5587D52DD325DB002E375C /* Course.swift in Sources */,
				FA5587BD2DD313F0002E375C /* CommunityView.swift in Sources */,
				FA5587CA2DD31E8F002E375C /* SheetType.swift in Sources */,
				FA5587E22DD32D15002E375C /* CourseViewModel.swift in Sources */,
				FA5587E42DD32D29002E375C /* ArticleViewModel.swift in Sources */,
				FA5587D32DD32478002E375C /* CourseDetailView.swift in Sources */,
				FA5587F82DD3D200002E375C /* TermsSheetView.swift in Sources */,
				FA5587EE2DD36561002E375C /* QuizIntroView.swift in Sources */,
				FB9886072DD3A83B00E877C7 /* TestViewModel.swift in Sources */,
				FA5587B52DD30CBD002E375C /* WelcomeView.swift in Sources */,
				FA5587D72DD325F5002E375C /* Article.swift in Sources */,
				FB9886032DD3A81800E877C7 /* TestService.swift in Sources */,
				FA5587C82DD319AD002E375C /* CourseCard.swift in Sources */,
				3321D66E2DD3D60F0083A238 /* EngineerService.swift in Sources */,
				3321D6722DD416CE0083A238 /* EventModel.swift in Sources */,
				3321D6762DD422A00083A238 /* EventsViewModel.swift in Sources */,
				FA5587BF2DD31438002E375C /* EventsView.swift in Sources */,
				3321D6742DD4212B0083A238 /* EventData.swift in Sources */,
			);
			runOnlyForDeploymentPostprocessing = 0;
		};
/* End PBXSourcesBuildPhase section */

/* Begin XCBuildConfiguration section */
		FA5587A52DD2F83C002E375C /* Debug */ = {
			isa = XCBuildConfiguration;
			buildSettings = {
				ALWAYS_SEARCH_USER_PATHS = NO;
				ASSETCATALOG_COMPILER_GENERATE_SWIFT_ASSET_SYMBOL_EXTENSIONS = YES;
				CLANG_ANALYZER_NONNULL = YES;
				CLANG_ANALYZER_NUMBER_OBJECT_CONVERSION = YES_AGGRESSIVE;
				CLANG_CXX_LANGUAGE_STANDARD = "gnu++20";
				CLANG_ENABLE_MODULES = YES;
				CLANG_ENABLE_OBJC_ARC = YES;
				CLANG_ENABLE_OBJC_WEAK = YES;
				CLANG_WARN_BLOCK_CAPTURE_AUTORELEASING = YES;
				CLANG_WARN_BOOL_CONVERSION = YES;
				CLANG_WARN_COMMA = YES;
				CLANG_WARN_CONSTANT_CONVERSION = YES;
				CLANG_WARN_DEPRECATED_OBJC_IMPLEMENTATIONS = YES;
				CLANG_WARN_DIRECT_OBJC_ISA_USAGE = YES_ERROR;
				CLANG_WARN_DOCUMENTATION_COMMENTS = YES;
				CLANG_WARN_EMPTY_BODY = YES;
				CLANG_WARN_ENUM_CONVERSION = YES;
				CLANG_WARN_INFINITE_RECURSION = YES;
				CLANG_WARN_INT_CONVERSION = YES;
				CLANG_WARN_NON_LITERAL_NULL_CONVERSION = YES;
				CLANG_WARN_OBJC_IMPLICIT_RETAIN_SELF = YES;
				CLANG_WARN_OBJC_LITERAL_CONVERSION = YES;
				CLANG_WARN_OBJC_ROOT_CLASS = YES_ERROR;
				CLANG_WARN_QUOTED_INCLUDE_IN_FRAMEWORK_HEADER = YES;
				CLANG_WARN_RANGE_LOOP_ANALYSIS = YES;
				CLANG_WARN_STRICT_PROTOTYPES = YES;
				CLANG_WARN_SUSPICIOUS_MOVE = YES;
				CLANG_WARN_UNGUARDED_AVAILABILITY = YES_AGGRESSIVE;
				CLANG_WARN_UNREACHABLE_CODE = YES;
				CLANG_WARN__DUPLICATE_METHOD_MATCH = YES;
				COPY_PHASE_STRIP = NO;
				DEBUG_INFORMATION_FORMAT = dwarf;
				ENABLE_STRICT_OBJC_MSGSEND = YES;
				ENABLE_TESTABILITY = YES;
				ENABLE_USER_SCRIPT_SANDBOXING = YES;
				GCC_C_LANGUAGE_STANDARD = gnu17;
				GCC_DYNAMIC_NO_PIC = NO;
				GCC_NO_COMMON_BLOCKS = YES;
				GCC_OPTIMIZATION_LEVEL = 0;
				GCC_PREPROCESSOR_DEFINITIONS = (
					"DEBUG=1",
					"$(inherited)",
				);
				GCC_WARN_64_TO_32_BIT_CONVERSION = YES;
				GCC_WARN_ABOUT_RETURN_TYPE = YES_ERROR;
				GCC_WARN_UNDECLARED_SELECTOR = YES;
				GCC_WARN_UNINITIALIZED_AUTOS = YES_AGGRESSIVE;
				GCC_WARN_UNUSED_FUNCTION = YES;
				GCC_WARN_UNUSED_VARIABLE = YES;
				IPHONEOS_DEPLOYMENT_TARGET = 17.5;
				LOCALIZATION_PREFERS_STRING_CATALOGS = YES;
				MTL_ENABLE_DEBUG_INFO = INCLUDE_SOURCE;
				MTL_FAST_MATH = YES;
				ONLY_ACTIVE_ARCH = YES;
				SDKROOT = iphoneos;
				SWIFT_ACTIVE_COMPILATION_CONDITIONS = "DEBUG $(inherited)";
				SWIFT_OPTIMIZATION_LEVEL = "-Onone";
			};
			name = Debug;
		};
		FA5587A62DD2F83C002E375C /* Release */ = {
			isa = XCBuildConfiguration;
			buildSettings = {
				ALWAYS_SEARCH_USER_PATHS = NO;
				ASSETCATALOG_COMPILER_GENERATE_SWIFT_ASSET_SYMBOL_EXTENSIONS = YES;
				CLANG_ANALYZER_NONNULL = YES;
				CLANG_ANALYZER_NUMBER_OBJECT_CONVERSION = YES_AGGRESSIVE;
				CLANG_CXX_LANGUAGE_STANDARD = "gnu++20";
				CLANG_ENABLE_MODULES = YES;
				CLANG_ENABLE_OBJC_ARC = YES;
				CLANG_ENABLE_OBJC_WEAK = YES;
				CLANG_WARN_BLOCK_CAPTURE_AUTORELEASING = YES;
				CLANG_WARN_BOOL_CONVERSION = YES;
				CLANG_WARN_COMMA = YES;
				CLANG_WARN_CONSTANT_CONVERSION = YES;
				CLANG_WARN_DEPRECATED_OBJC_IMPLEMENTATIONS = YES;
				CLANG_WARN_DIRECT_OBJC_ISA_USAGE = YES_ERROR;
				CLANG_WARN_DOCUMENTATION_COMMENTS = YES;
				CLANG_WARN_EMPTY_BODY = YES;
				CLANG_WARN_ENUM_CONVERSION = YES;
				CLANG_WARN_INFINITE_RECURSION = YES;
				CLANG_WARN_INT_CONVERSION = YES;
				CLANG_WARN_NON_LITERAL_NULL_CONVERSION = YES;
				CLANG_WARN_OBJC_IMPLICIT_RETAIN_SELF = YES;
				CLANG_WARN_OBJC_LITERAL_CONVERSION = YES;
				CLANG_WARN_OBJC_ROOT_CLASS = YES_ERROR;
				CLANG_WARN_QUOTED_INCLUDE_IN_FRAMEWORK_HEADER = YES;
				CLANG_WARN_RANGE_LOOP_ANALYSIS = YES;
				CLANG_WARN_STRICT_PROTOTYPES = YES;
				CLANG_WARN_SUSPICIOUS_MOVE = YES;
				CLANG_WARN_UNGUARDED_AVAILABILITY = YES_AGGRESSIVE;
				CLANG_WARN_UNREACHABLE_CODE = YES;
				CLANG_WARN__DUPLICATE_METHOD_MATCH = YES;
				COPY_PHASE_STRIP = NO;
				DEBUG_INFORMATION_FORMAT = "dwarf-with-dsym";
				ENABLE_NS_ASSERTIONS = NO;
				ENABLE_STRICT_OBJC_MSGSEND = YES;
				ENABLE_USER_SCRIPT_SANDBOXING = YES;
				GCC_C_LANGUAGE_STANDARD = gnu17;
				GCC_NO_COMMON_BLOCKS = YES;
				GCC_WARN_64_TO_32_BIT_CONVERSION = YES;
				GCC_WARN_ABOUT_RETURN_TYPE = YES_ERROR;
				GCC_WARN_UNDECLARED_SELECTOR = YES;
				GCC_WARN_UNINITIALIZED_AUTOS = YES_AGGRESSIVE;
				GCC_WARN_UNUSED_FUNCTION = YES;
				GCC_WARN_UNUSED_VARIABLE = YES;
				IPHONEOS_DEPLOYMENT_TARGET = 17.5;
				LOCALIZATION_PREFERS_STRING_CATALOGS = YES;
				MTL_ENABLE_DEBUG_INFO = NO;
				MTL_FAST_MATH = YES;
				SDKROOT = iphoneos;
				SWIFT_COMPILATION_MODE = wholemodule;
				VALIDATE_PRODUCT = YES;
			};
			name = Release;
		};
		FA5587A82DD2F83C002E375C /* Debug */ = {
			isa = XCBuildConfiguration;
			buildSettings = {
				ASSETCATALOG_COMPILER_APPICON_NAME = AppIcon;
				ASSETCATALOG_COMPILER_GLOBAL_ACCENT_COLOR_NAME = AccentColor;
				CODE_SIGN_STYLE = Automatic;
				CURRENT_PROJECT_VERSION = 1;
				DEVELOPMENT_ASSET_PATHS = "\"CorosHack_Athon/Preview Content\"";
				DEVELOPMENT_TEAM = Q57GBHD7SY;
				ENABLE_PREVIEWS = YES;
				GENERATE_INFOPLIST_FILE = YES;
				INFOPLIST_KEY_UIApplicationSceneManifest_Generation = YES;
				INFOPLIST_KEY_UIApplicationSupportsIndirectInputEvents = YES;
				INFOPLIST_KEY_UILaunchScreen_Generation = YES;
				INFOPLIST_KEY_UISupportedInterfaceOrientations_iPad = "UIInterfaceOrientationPortrait UIInterfaceOrientationPortraitUpsideDown UIInterfaceOrientationLandscapeLeft UIInterfaceOrientationLandscapeRight";
				INFOPLIST_KEY_UISupportedInterfaceOrientations_iPhone = "UIInterfaceOrientationPortrait UIInterfaceOrientationLandscapeLeft UIInterfaceOrientationLandscapeRight";
				LD_RUNPATH_SEARCH_PATHS = (
					"$(inherited)",
					"@executable_path/Frameworks",
				);
				MARKETING_VERSION = 1.0;
				PRODUCT_BUNDLE_IDENTIFIER = "Alejandro.CorosHack-Athon1";
				PRODUCT_NAME = "$(TARGET_NAME)";
				SWIFT_EMIT_LOC_STRINGS = YES;
				SWIFT_VERSION = 5.0;
				TARGETED_DEVICE_FAMILY = "1,2";
			};
			name = Debug;
		};
		FA5587A92DD2F83C002E375C /* Release */ = {
			isa = XCBuildConfiguration;
			buildSettings = {
				ASSETCATALOG_COMPILER_APPICON_NAME = AppIcon;
				ASSETCATALOG_COMPILER_GLOBAL_ACCENT_COLOR_NAME = AccentColor;
				CODE_SIGN_STYLE = Automatic;
				CURRENT_PROJECT_VERSION = 1;
				DEVELOPMENT_ASSET_PATHS = "\"CorosHack_Athon/Preview Content\"";
				DEVELOPMENT_TEAM = Q57GBHD7SY;
				ENABLE_PREVIEWS = YES;
				GENERATE_INFOPLIST_FILE = YES;
				INFOPLIST_KEY_UIApplicationSceneManifest_Generation = YES;
				INFOPLIST_KEY_UIApplicationSupportsIndirectInputEvents = YES;
				INFOPLIST_KEY_UILaunchScreen_Generation = YES;
				INFOPLIST_KEY_UISupportedInterfaceOrientations_iPad = "UIInterfaceOrientationPortrait UIInterfaceOrientationPortraitUpsideDown UIInterfaceOrientationLandscapeLeft UIInterfaceOrientationLandscapeRight";
				INFOPLIST_KEY_UISupportedInterfaceOrientations_iPhone = "UIInterfaceOrientationPortrait UIInterfaceOrientationLandscapeLeft UIInterfaceOrientationLandscapeRight";
				LD_RUNPATH_SEARCH_PATHS = (
					"$(inherited)",
					"@executable_path/Frameworks",
				);
				MARKETING_VERSION = 1.0;
				PRODUCT_BUNDLE_IDENTIFIER = "Alejandro.CorosHack-Athon1";
				PRODUCT_NAME = "$(TARGET_NAME)";
				SWIFT_EMIT_LOC_STRINGS = YES;
				SWIFT_VERSION = 5.0;
				TARGETED_DEVICE_FAMILY = "1,2";
			};
			name = Release;
		};
/* End XCBuildConfiguration section */

/* Begin XCConfigurationList section */
		FA5587942DD2F83B002E375C /* Build configuration list for PBXProject "CorosHack_Athon" */ = {
			isa = XCConfigurationList;
			buildConfigurations = (
				FA5587A52DD2F83C002E375C /* Debug */,
				FA5587A62DD2F83C002E375C /* Release */,
			);
			defaultConfigurationIsVisible = 0;
			defaultConfigurationName = Release;
		};
		FA5587A72DD2F83C002E375C /* Build configuration list for PBXNativeTarget "CorosHack_Athon" */ = {
			isa = XCConfigurationList;
			buildConfigurations = (
				FA5587A82DD2F83C002E375C /* Debug */,
				FA5587A92DD2F83C002E375C /* Release */,
			);
			defaultConfigurationIsVisible = 0;
			defaultConfigurationName = Release;
		};
/* End XCConfigurationList section */

/* Begin XCRemoteSwiftPackageReference section */
		FA5587DA2DD32A35002E375C /* XCRemoteSwiftPackageReference "firebase-ios-sdk" */ = {
			isa = XCRemoteSwiftPackageReference;
			repositoryURL = "https://github.com/firebase/firebase-ios-sdk";
			requirement = {
				kind = exactVersion;
				version = 11.7.0;
			};
		};
/* End XCRemoteSwiftPackageReference section */

/* Begin XCSwiftPackageProductDependency section */
		FA5587DB2DD32A35002E375C /* FirebaseCore */ = {
			isa = XCSwiftPackageProductDependency;
			package = FA5587DA2DD32A35002E375C /* XCRemoteSwiftPackageReference "firebase-ios-sdk" */;
			productName = FirebaseCore;
		};
		FA5587DD2DD32A35002E375C /* FirebaseFirestore */ = {
			isa = XCSwiftPackageProductDependency;
			package = FA5587DA2DD32A35002E375C /* XCRemoteSwiftPackageReference "firebase-ios-sdk" */;
			productName = FirebaseFirestore;
		};
		FA5587E52DD3334E002E375C /* FirebaseAuth */ = {
			isa = XCSwiftPackageProductDependency;
			package = FA5587DA2DD32A35002E375C /* XCRemoteSwiftPackageReference "firebase-ios-sdk" */;
			productName = FirebaseAuth;
		};
		FA5587E72DD3334E002E375C /* FirebaseStorage */ = {
			isa = XCSwiftPackageProductDependency;
			package = FA5587DA2DD32A35002E375C /* XCRemoteSwiftPackageReference "firebase-ios-sdk" */;
			productName = FirebaseStorage;
		};
/* End XCSwiftPackageProductDependency section */
	};
	rootObject = FA5587912DD2F83B002E375C /* Project object */;
}
